
Microsoft Visual Studio Solution File, Format Version 12.00
# Visual Studio Version 17
VisualStudioVersion = 17.2.32630.192
MinimumVisualStudioVersion = 10.0.40219.1
Project("{FAE04EC0-301F-11D3-BF4B-00C04F79EFBC}") = "Portal", "Portal\Portal.csproj", "{411EFE7D-C785-4931-9299-B789461EEA88}"
EndProject
Global
	GlobalSection(SolutionConfigurationPlatforms) = preSolution
		Debug|Any CPU = Debug|Any CPU
		Release|Any CPU = Release|Any CPU
	EndGlobalSection
	GlobalSection(ProjectConfigurationPlatforms) = postSolution
		{411EFE7D-C785-4931-9299-B789461EEA88}.Debug|Any CPU.ActiveCfg = Debug|Any CPU
		{411EFE7D-C785-4931-9299-B789461EEA88}.Debug|Any CPU.Build.0 = Debug|Any CPU
		{411EFE7D-C785-4931-9299-B789461EEA88}.Release|Any CPU.ActiveCfg = Release|Any CPU
		{411EFE7D-C785-4931-9299-B789461EEA88}.Release|Any CPU.Build.0 = Release|Any CPU
	EndGlobalSection
	GlobalSection(SolutionProperties) = preSolution
		HideSolutionNode = FALSE
	EndGlobalSection
	GlobalSection(ExtensibilityGlobals) = postSolution
		SolutionGuid = {9F65848C-3BCE-481F-93FC-6CED647739C2}
	EndGlobalSection
EndGlobal
